
Microsoft Visual Studio Solution File, Format Version 12.00
# Visual Studio Version 16
VisualStudioVersion = 16.0.31613.86
MinimumVisualStudioVersion = 10.0.40219.1
Project("{FAE04EC0-301F-11D3-BF4B-00C04F79EFBC}") = "ConsoleApp1", "ConsoleApp1\ConsoleApp1.csproj", "{B794F556-FC76-4A87-AA11-DBB9A014325B}"
EndProject
Global
	GlobalSection(SolutionConfigurationPlatforms) = preSolution
		Debug|Any CPU = Debug|Any CPU
		Release|Any CPU = Release|Any CPU
	EndGlobalSection
	GlobalSection(ProjectConfigurationPlatforms) = postSolution
		{B794F556-FC76-4A87-AA11-DBB9A014325B}.Debug|Any CPU.ActiveCfg = Debug|Any CPU
		{B794F556-FC76-4A87-AA11-DBB9A014325B}.Debug|Any CPU.Build.0 = Debug|Any CPU
		{B794F556-FC76-4A87-AA11-DBB9A014325B}.Release|Any CPU.ActiveCfg = Release|Any CPU
		{B794F556-FC76-4A87-AA11-DBB9A014325B}.Release|Any CPU.Build.0 = Release|Any CPU
	EndGlobalSection
	GlobalSection(SolutionProperties) = preSolution
		HideSolutionNode = FALSE
	EndGlobalSection
	GlobalSection(ExtensibilityGlobals) = postSolution
		SolutionGuid = {D0094809-6E1E-4903-965B-AD0D0E62A20C}
	EndGlobalSection
EndGlobal
